
Microsoft Visual Studio Solution File, Format Version 12.00
# Visual Studio 15
VisualStudioVersion = 15.0.27703.2042
MinimumVisualStudioVersion = 10.0.40219.1
Project("{FAE04EC0-301F-11D3-BF4B-00C04F79EFBC}") = "ProjectEuler", "ProjectEuler.csproj", "{9E04D563-B0A4-466E-8BEB-C7FB25489FEF}"
EndProject
Global
	GlobalSection(SolutionConfigurationPlatforms) = preSolution
		Debug|Any CPU = Debug|Any CPU
		Release|Any CPU = Release|Any CPU
	EndGlobalSection
	GlobalSection(ProjectConfigurationPlatforms) = postSolution
		{9E04D563-B0A4-466E-8BEB-C7FB25489FEF}.Debug|Any CPU.ActiveCfg = Debug|Any CPU
		{9E04D563-B0A4-466E-8BEB-C7FB25489FEF}.Debug|Any CPU.Build.0 = Debug|Any CPU
		{9E04D563-B0A4-466E-8BEB-C7FB25489FEF}.Release|Any CPU.ActiveCfg = Release|Any CPU
		{9E04D563-B0A4-466E-8BEB-C7FB25489FEF}.Release|Any CPU.Build.0 = Release|Any CPU
	EndGlobalSection
	GlobalSection(SolutionProperties) = preSolution
		HideSolutionNode = FALSE
	EndGlobalSection
	GlobalSection(ExtensibilityGlobals) = postSolution
		SolutionGuid = {4F807AA2-F676-4795-88C9-066B5A54C85E}
	EndGlobalSection
EndGlobal
